
Microsoft Visual Studio Solution File, Format Version 12.00
# Visual Studio Version 16
VisualStudioVersion = 16.0.30907.101
MinimumVisualStudioVersion = 10.0.40219.1
Project("{FAE04EC0-301F-11D3-BF4B-00C04F79EFBC}") = "TDD.Katas", "TDD Katas\TDD.Katas.csproj", "{69B4D027-5853-4B73-B4C3-FD671A9D415C}"
EndProject
Project("{FAE04EC0-301F-11D3-BF4B-00C04F79EFBC}") = "TDD.Katas.UnitTests", "TDD.Katas.UnitTests\TDD.Katas.UnitTests.csproj", "{4264557F-7E62-4E99-9DDD-A8D56315F01B}"
EndProject
Project("{FAE04EC0-301F-11D3-BF4B-00C04F79EFBC}") = "TDD.Kernel", "Kernel\TDD.Kernel.csproj", "{004D8701-0D40-4768-9DF0-69A7308D1BEF}"
EndProject
Project("{2150E333-8FDC-42A3-9474-1A3956D46DE8}") = "Tests", "Tests", "{87D06F54-3755-440A-8599-FF80ED099B32}"
EndProject
Project("{FAE04EC0-301F-11D3-BF4B-00C04F79EFBC}") = "TDD.Kernel.UnitTests", "TDD.Kernel.UnitTests\TDD.Kernel.UnitTests.csproj", "{A11498AE-79F2-4883-A782-45639646A5C3}"
EndProject
Global
	GlobalSection(SolutionConfigurationPlatforms) = preSolution
		Debug|Any CPU = Debug|Any CPU
		Release|Any CPU = Release|Any CPU
	EndGlobalSection
	GlobalSection(ProjectConfigurationPlatforms) = postSolution
		{69B4D027-5853-4B73-B4C3-FD671A9D415C}.Debug|Any CPU.ActiveCfg = Debug|Any CPU
		{69B4D027-5853-4B73-B4C3-FD671A9D415C}.Debug|Any CPU.Build.0 = Debug|Any CPU
		{69B4D027-5853-4B73-B4C3-FD671A9D415C}.Release|Any CPU.ActiveCfg = Release|Any CPU
		{69B4D027-5853-4B73-B4C3-FD671A9D415C}.Release|Any CPU.Build.0 = Release|Any CPU
		{4264557F-7E62-4E99-9DDD-A8D56315F01B}.Debug|Any CPU.ActiveCfg = Debug|Any CPU
		{4264557F-7E62-4E99-9DDD-A8D56315F01B}.Debug|Any CPU.Build.0 = Debug|Any CPU
		{4264557F-7E62-4E99-9DDD-A8D56315F01B}.Release|Any CPU.ActiveCfg = Release|Any CPU
		{4264557F-7E62-4E99-9DDD-A8D56315F01B}.Release|Any CPU.Build.0 = Release|Any CPU
		{004D8701-0D40-4768-9DF0-69A7308D1BEF}.Debug|Any CPU.ActiveCfg = Debug|Any CPU
		{004D8701-0D40-4768-9DF0-69A7308D1BEF}.Debug|Any CPU.Build.0 = Debug|Any CPU
		{004D8701-0D40-4768-9DF0-69A7308D1BEF}.Release|Any CPU.ActiveCfg = Release|Any CPU
		{004D8701-0D40-4768-9DF0-69A7308D1BEF}.Release|Any CPU.Build.0 = Release|Any CPU
		{A11498AE-79F2-4883-A782-45639646A5C3}.Debug|Any CPU.ActiveCfg = Debug|Any CPU
		{A11498AE-79F2-4883-A782-45639646A5C3}.Debug|Any CPU.Build.0 = Debug|Any CPU
		{A11498AE-79F2-4883-A782-45639646A5C3}.Release|Any CPU.ActiveCfg = Release|Any CPU
		{A11498AE-79F2-4883-A782-45639646A5C3}.Release|Any CPU.Build.0 = Release|Any CPU
	EndGlobalSection
	GlobalSection(SolutionProperties) = preSolution
		HideSolutionNode = FALSE
	EndGlobalSection
	GlobalSection(NestedProjects) = preSolution
		{4264557F-7E62-4E99-9DDD-A8D56315F01B} = {87D06F54-3755-440A-8599-FF80ED099B32}
		{A11498AE-79F2-4883-A782-45639646A5C3} = {87D06F54-3755-440A-8599-FF80ED099B32}
	EndGlobalSection
	GlobalSection(ExtensibilityGlobals) = postSolution
		SolutionGuid = {2CBCD370-4DC7-4BB6-A6E3-D585518D7A42}
	EndGlobalSection
EndGlobal
