
Microsoft Visual Studio Solution File, Format Version 12.00
# Visual Studio Version 16
VisualStudioVersion = 16.0.30907.101
MinimumVisualStudioVersion = 10.0.40219.1
Project("{FAE04EC0-301F-11D3-BF4B-00C04F79EFBC}") = "TDD.Katas", "TDD Katas\TDD.Katas.csproj", "{69B4D027-5853-4B73-B4C3-FD671A9D415C}"
EndProject
Project("{2150E333-8FDC-42A3-9474-1A3956D46DE8}") = "Tests", "Tests", "{87D06F54-3755-440A-8599-FF80ED099B32}"
EndProject
Project("{9A19103F-16F7-4668-BE54-9A1E7A4F7556}") = "TDD.Katas.UnitTests", "Tests\TDD.Katas.UnitTests\TDD.Katas.UnitTests.csproj", "{67AA474D-5A08-4001-A467-7EF08440B5FF}"
EndProject
Project("{9A19103F-16F7-4668-BE54-9A1E7A4F7556}") = "TDD.Kernel.UnitTests", "Tests\TDD.Kernel.UnitTests\TDD.Kernel.UnitTests.csproj", "{FCC69E04-0263-4DA0-BEFB-CAEA9B7439E9}"
EndProject
Project("{9A19103F-16F7-4668-BE54-9A1E7A4F7556}") = "TDD.Kernel", "TDD.Kernel\TDD.Kernel.csproj", "{5F18CA95-8D80-42A1-992B-054AEEF7804F}"
EndProject
Global
	GlobalSection(SolutionConfigurationPlatforms) = preSolution
		Debug|Any CPU = Debug|Any CPU
		Release|Any CPU = Release|Any CPU
	EndGlobalSection
	GlobalSection(ProjectConfigurationPlatforms) = postSolution
		{69B4D027-5853-4B73-B4C3-FD671A9D415C}.Debug|Any CPU.ActiveCfg = Debug|Any CPU
		{69B4D027-5853-4B73-B4C3-FD671A9D415C}.Debug|Any CPU.Build.0 = Debug|Any CPU
		{69B4D027-5853-4B73-B4C3-FD671A9D415C}.Release|Any CPU.ActiveCfg = Release|Any CPU
		{69B4D027-5853-4B73-B4C3-FD671A9D415C}.Release|Any CPU.Build.0 = Release|Any CPU
		{67AA474D-5A08-4001-A467-7EF08440B5FF}.Debug|Any CPU.ActiveCfg = Debug|Any CPU
		{67AA474D-5A08-4001-A467-7EF08440B5FF}.Debug|Any CPU.Build.0 = Debug|Any CPU
		{67AA474D-5A08-4001-A467-7EF08440B5FF}.Release|Any CPU.ActiveCfg = Release|Any CPU
		{67AA474D-5A08-4001-A467-7EF08440B5FF}.Release|Any CPU.Build.0 = Release|Any CPU
		{FCC69E04-0263-4DA0-BEFB-CAEA9B7439E9}.Debug|Any CPU.ActiveCfg = Debug|Any CPU
		{FCC69E04-0263-4DA0-BEFB-CAEA9B7439E9}.Debug|Any CPU.Build.0 = Debug|Any CPU
		{FCC69E04-0263-4DA0-BEFB-CAEA9B7439E9}.Release|Any CPU.ActiveCfg = Release|Any CPU
		{FCC69E04-0263-4DA0-BEFB-CAEA9B7439E9}.Release|Any CPU.Build.0 = Release|Any CPU
		{5F18CA95-8D80-42A1-992B-054AEEF7804F}.Debug|Any CPU.ActiveCfg = Debug|Any CPU
		{5F18CA95-8D80-42A1-992B-054AEEF7804F}.Debug|Any CPU.Build.0 = Debug|Any CPU
		{5F18CA95-8D80-42A1-992B-054AEEF7804F}.Release|Any CPU.ActiveCfg = Release|Any CPU
		{5F18CA95-8D80-42A1-992B-054AEEF7804F}.Release|Any CPU.Build.0 = Release|Any CPU
	EndGlobalSection
	GlobalSection(SolutionProperties) = preSolution
		HideSolutionNode = FALSE
	EndGlobalSection
	GlobalSection(NestedProjects) = preSolution
		{67AA474D-5A08-4001-A467-7EF08440B5FF} = {87D06F54-3755-440A-8599-FF80ED099B32}
		{FCC69E04-0263-4DA0-BEFB-CAEA9B7439E9} = {87D06F54-3755-440A-8599-FF80ED099B32}
	EndGlobalSection
	GlobalSection(ExtensibilityGlobals) = postSolution
		SolutionGuid = {2CBCD370-4DC7-4BB6-A6E3-D585518D7A42}
	EndGlobalSection
EndGlobal
